<?xml version="1.0" encoding="utf-8"?>
<Project ToolsVersion="4.0" xmlns="http://schemas.microsoft.com/developer/msbuild/2003">
  <ItemGroup>
    <ClCompile Include="ClassicalMath.cpp" />
    <ClCompile Include="ClassicalRaster.cpp" />
  </ItemGroup>
  <ItemGroup>
    <ClInclude Include="ClassicalMath.h" />
    <ClInclude Include="ClassicalRaster.h" />
  </ItemGroup>
</Project>
