<?xml version="1.0" encoding="utf-8"?>
<Project ToolsVersion="4.0" xmlns="http://schemas.microsoft.com/developer/msbuild/2003">
  <ItemGroup>
    <ClCompile Include="D3D12Backend.cpp"/><ClCompile Include="D3D12Helpers.cpp"/><ClCompile Include="D3D12Compilation.cpp"/><ClCompile Include="D3D12PackageExecution.cpp"/>
  </ItemGroup>
  <ItemGroup>
    <ClInclude Include="D3D12Backend.h"/><ClInclude Include="D3D12Helpers.h"/><ClInclude Include="D3D12BackendInternal.h"/>
  </ItemGroup>
</Project>
